
Microsoft Visual Studio Solution File, Format Version 12.00
# Visual Studio Version 17
VisualStudioVersion = 17.5.33414.496
MinimumVisualStudioVersion = 10.0.40219.1
Project("{9A19103F-16F7-4668-BE54-9A1E7A4F7556}") = "Zadanie1", "Zadanie1\Zadanie1.csproj", "{EE689FA6-50CA-4335-8871-FE5B708A10A6}"
EndProject
Global
	GlobalSection(SolutionConfigurationPlatforms) = preSolution
		Debug|Any CPU = Debug|Any CPU
		Release|Any CPU = Release|Any CPU
	EndGlobalSection
	GlobalSection(ProjectConfigurationPlatforms) = postSolution
		{EE689FA6-50CA-4335-8871-FE5B708A10A6}.Debug|Any CPU.ActiveCfg = Debug|Any CPU
		{EE689FA6-50CA-4335-8871-FE5B708A10A6}.Debug|Any CPU.Build.0 = Debug|Any CPU
		{EE689FA6-50CA-4335-8871-FE5B708A10A6}.Release|Any CPU.ActiveCfg = Release|Any CPU
		{EE689FA6-50CA-4335-8871-FE5B708A10A6}.Release|Any CPU.Build.0 = Release|Any CPU
	EndGlobalSection
	GlobalSection(SolutionProperties) = preSolution
		HideSolutionNode = FALSE
	EndGlobalSection
	GlobalSection(ExtensibilityGlobals) = postSolution
		SolutionGuid = {409280B4-2E66-4A01-AC89-ED719AD77E36}
	EndGlobalSection
EndGlobal
